// !$*UTF8*$!
{
	archiveVersion = 1;
	classes = {
	};
	objectVersion = 56;
	objects = {

/* Begin PBXBuildFile section */
		9F4DD8982B6523000014E576 /* AppDelegate.swift in Sources */ = {isa = PBXBuildFile; fileRef = 9F4DD8972B6523000014E576 /* AppDelegate.swift */; };
		9F4DD89A2B6523000014E576 /* SceneDelegate.swift in Sources */ = {isa = PBXBuildFile; fileRef = 9F4DD8992B6523000014E576 /* SceneDelegate.swift */; };
		9F4DD89C2B6523000014E576 /* ViewController.swift in Sources */ = {isa = PBXBuildFile; fileRef = 9F4DD89B2B6523000014E576 /* ViewController.swift */; };
		9F4DD89F2B6523000014E576 /* Main.storyboard in Resources */ = {isa = PBXBuildFile; fileRef = 9F4DD89D2B6523000014E576 /* Main.storyboard */; };
		9F4DD8A12B6523000014E576 /* Assets.xcassets in Resources */ = {isa = PBXBuildFile; fileRef = 9F4DD8A02B6523000014E576 /* Assets.xcassets */; };
		9F4DD8A42B6523000014E576 /* LaunchScreen.storyboard in Resources */ = {isa = PBXBuildFile; fileRef = 9F4DD8A22B6523000014E576 /* LaunchScreen.storyboard */; };
		9F4DD8AF2B6523010014E576 /* NewsApiTests.swift in Sources */ = {isa = PBXBuildFile; fileRef = 9F4DD8AE2B6523010014E576 /* NewsApiTests.swift */; };
		9F4DD8B92B6523010014E576 /* NewsApiUITests.swift in Sources */ = {isa = PBXBuildFile; fileRef = 9F4DD8B82B6523010014E576 /* NewsApiUITests.swift */; };
		9F4DD8BB2B6523010014E576 /* NewsApiUITestsLaunchTests.swift in Sources */ = {isa = PBXBuildFile; fileRef = 9F4DD8BA2B6523010014E576 /* NewsApiUITestsLaunchTests.swift */; };
		9F4DD8C82B6529B70014E576 /* APIService.swift in Sources */ = {isa = PBXBuildFile; fileRef = 9F4DD8C72B6529B70014E576 /* APIService.swift */; };
		9F5139842B6546CF00C40D77 /* Model.swift in Sources */ = {isa = PBXBuildFile; fileRef = 9F5139832B6546CF00C40D77 /* Model.swift */; };
		9F5139862B65503F00C40D77 /* NewsTableViewCell.swift in Sources */ = {isa = PBXBuildFile; fileRef = 9F5139852B65503F00C40D77 /* NewsTableViewCell.swift */; };
/* End PBXBuildFile section */

/* Begin PBXContainerItemProxy section */
		9F4DD8AB2B6523010014E576 /* PBXContainerItemProxy */ = {
			isa = PBXContainerItemProxy;
			containerPortal = 9F4DD88C2B6523000014E576 /* Project object */;
			proxyType = 1;
			remoteGlobalIDString = 9F4DD8932B6523000014E576;
			remoteInfo = NewsApi;
		};
		9F4DD8B52B6523010014E576 /* PBXContainerItemProxy */ = {
			isa = PBXContainerItemProxy;
			containerPortal = 9F4DD88C2B6523000014E576 /* Project object */;
			proxyType = 1;
			remoteGlobalIDString = 9F4DD8932B6523000014E576;
			remoteInfo = NewsApi;
		};
/* End PBXContainerItemProxy section */

/* Begin PBXFileReference section */
		9F4DD8942B6523000014E576 /* NewsApi.app */ = {isa = PBXFileReference; explicitFileType = wrapper.application; includeInIndex = 0; path = NewsApi.app; sourceTree = BUILT_PRODUCTS_DIR; };
		9F4DD8972B6523000014E576 /* AppDelegate.swift */ = {isa = PBXFileReference; lastKnownFileType = sourcecode.swift; path = AppDelegate.swift; sourceTree = "<group>"; };
		9F4DD8992B6523000014E576 /* SceneDelegate.swift */ = {isa = PBXFileReference; lastKnownFileType = sourcecode.swift; path = SceneDelegate.swift; sourceTree = "<group>"; };
		9F4DD89B2B6523000014E576 /* ViewController.swift */ = {isa = PBXFileReference; lastKnownFileType = sourcecode.swift; path = ViewController.swift; sourceTree = "<group>"; };
		9F4DD89E2B6523000014E576 /* Base */ = {isa = PBXFileReference; lastKnownFileType = file.storyboard; name = Base; path = Base.lproj/Main.storyboard; sourceTree = "<group>"; };
		9F4DD8A02B6523000014E576 /* Assets.xcassets */ = {isa = PBXFileReference; lastKnownFileType = folder.assetcatalog; path = Assets.xcassets; sourceTree = "<group>"; };
		9F4DD8A32B6523000014E576 /* Base */ = {isa = PBXFileReference; lastKnownFileType = file.storyboard; name = Base; path = Base.lproj/LaunchScreen.storyboard; sourceTree = "<group>"; };
		9F4DD8A52B6523000014E576 /* Info.plist */ = {isa = PBXFileReference; lastKnownFileType = text.plist.xml; path = Info.plist; sourceTree = "<group>"; };
		9F4DD8AA2B6523010014E576 /* NewsApiTests.xctest */ = {isa = PBXFileReference; explicitFileType = wrapper.cfbundle; includeInIndex = 0; path = NewsApiTests.xctest; sourceTree = BUILT_PRODUCTS_DIR; };
		9F4DD8AE2B6523010014E576 /* NewsApiTests.swift */ = {isa = PBXFileReference; lastKnownFileType = sourcecode.swift; path = NewsApiTests.swift; sourceTree = "<group>"; };
		9F4DD8B42B6523010014E576 /* NewsApiUITests.xctest */ = {isa = PBXFileReference; explicitFileType = wrapper.cfbundle; includeInIndex = 0; path = NewsApiUITests.xctest; sourceTree = BUILT_PRODUCTS_DIR; };
		9F4DD8B82B6523010014E576 /* NewsApiUITests.swift */ = {isa = PBXFileReference; lastKnownFileType = sourcecode.swift; path = NewsApiUITests.swift; sourceTree = "<group>"; };
		9F4DD8BA2B6523010014E576 /* NewsApiUITestsLaunchTests.swift */ = {isa = PBXFileReference; lastKnownFileType = sourcecode.swift; path = NewsApiUITestsLaunchTests.swift; sourceTree = "<group>"; };
		9F4DD8C72B6529B70014E576 /* APIService.swift */ = {isa = PBXFileReference; lastKnownFileType = sourcecode.swift; path = APIService.swift; sourceTree = "<group>"; };
		9F5139832B6546CF00C40D77 /* Model.swift */ = {isa = PBXFileReference; lastKnownFileType = sourcecode.swift; path = Model.swift; sourceTree = "<group>"; };
		9F5139852B65503F00C40D77 /* NewsTableViewCell.swift */ = {isa = PBXFileReference; lastKnownFileType = sourcecode.swift; path = NewsTableViewCell.swift; sourceTree = "<group>"; };
/* End PBXFileReference section */

/* Begin PBXFrameworksBuildPhase section */
		9F4DD8912B6523000014E576 /* Frameworks */ = {
			isa = PBXFrameworksBuildPhase;
			buildActionMask = 2147483647;
			files = (
			);
			runOnlyForDeploymentPostprocessing = 0;
		};
		9F4DD8A72B6523010014E576 /* Frameworks */ = {
			isa = PBXFrameworksBuildPhase;
			buildActionMask = 2147483647;
			files = (
			);
			runOnlyForDeploymentPostprocessing = 0;
		};
		9F4DD8B12B6523010014E576 /* Frameworks */ = {
			isa = PBXFrameworksBuildPhase;
			buildActionMask = 2147483647;
			files = (
			);
			runOnlyForDeploymentPostprocessing = 0;
		};
/* End PBXFrameworksBuildPhase section */

/* Begin PBXGroup section */
		9F4DD88B2B6523000014E576 = {
			isa = PBXGroup;
			children = (
				9F4DD8962B6523000014E576 /* NewsApi */,
				9F4DD8AD2B6523010014E576 /* NewsApiTests */,
				9F4DD8B72B6523010014E576 /* NewsApiUITests */,
				9F4DD8952B6523000014E576 /* Products */,
			);
			sourceTree = "<group>";
		};
		9F4DD8952B6523000014E576 /* Products */ = {
			isa = PBXGroup;
			children = (
				9F4DD8942B6523000014E576 /* NewsApi.app */,
				9F4DD8AA2B6523010014E576 /* NewsApiTests.xctest */,
				9F4DD8B42B6523010014E576 /* NewsApiUITests.xctest */,
			);
			name = Products;
			sourceTree = "<group>";
		};
		9F4DD8962B6523000014E576 /* NewsApi */ = {
			isa = PBXGroup;
			children = (
				9F4DD8972B6523000014E576 /* AppDelegate.swift */,
				9F4DD8992B6523000014E576 /* SceneDelegate.swift */,
				9F4DD89B2B6523000014E576 /* ViewController.swift */,
				9F4DD89D2B6523000014E576 /* Main.storyboard */,
				9F4DD8A02B6523000014E576 /* Assets.xcassets */,
				9F4DD8A22B6523000014E576 /* LaunchScreen.storyboard */,
				9F4DD8A52B6523000014E576 /* Info.plist */,
				9F4DD8C72B6529B70014E576 /* APIService.swift */,
				9F5139832B6546CF00C40D77 /* Model.swift */,
				9F5139852B65503F00C40D77 /* NewsTableViewCell.swift */,
			);
			path = NewsApi;
			sourceTree = "<group>";
		};
		9F4DD8AD2B6523010014E576 /* NewsApiTests */ = {
			isa = PBXGroup;
			children = (
				9F4DD8AE2B6523010014E576 /* NewsApiTests.swift */,
			);
			path = NewsApiTests;
			sourceTree = "<group>";
		};
		9F4DD8B72B6523010014E576 /* NewsApiUITests */ = {
			isa = PBXGroup;
			children = (
				9F4DD8B82B6523010014E576 /* NewsApiUITests.swift */,
				9F4DD8BA2B6523010014E576 /* NewsApiUITestsLaunchTests.swift */,
			);
			path = NewsApiUITests;
			sourceTree = "<group>";
		};
/* End PBXGroup section */

/* Begin PBXNativeTarget section */
		9F4DD8932B6523000014E576 /* NewsApi */ = {
			isa = PBXNativeTarget;
			buildConfigurationList = 9F4DD8BE2B6523010014E576 /* Build configuration list for PBXNativeTarget "NewsApi" */;
			buildPhases = (
				9F4DD8902B6523000014E576 /* Sources */,
				9F4DD8912B6523000014E576 /* Frameworks */,
				9F4DD8922B6523000014E576 /* Resources */,
			);
			buildRules = (
			);
			dependencies = (
			);
			name = NewsApi;
			productName = NewsApi;
			productReference = 9F4DD8942B6523000014E576 /* NewsApi.app */;
			productType = "com.apple.product-type.application";
		};
		9F4DD8A92B6523010014E576 /* NewsApiTests */ = {
			isa = PBXNativeTarget;
			buildConfigurationList = 9F4DD8C12B6523010014E576 /* Build configuration list for PBXNativeTarget "NewsApiTests" */;
			buildPhases = (
				9F4DD8A62B6523010014E576 /* Sources */,
				9F4DD8A72B6523010014E576 /* Frameworks */,
				9F4DD8A82B6523010014E576 /* Resources */,
			);
			buildRules = (
			);
			dependencies = (
				9F4DD8AC2B6523010014E576 /* PBXTargetDependency */,
			);
			name = NewsApiTests;
			productName = NewsApiTests;
			productReference = 9F4DD8AA2B6523010014E576 /* NewsApiTests.xctest */;
			productType = "com.apple.product-type.bundle.unit-test";
		};
		9F4DD8B32B6523010014E576 /* NewsApiUITests */ = {
			isa = PBXNativeTarget;
			buildConfigurationList = 9F4DD8C42B6523010014E576 /* Build configuration list for PBXNativeTarget "NewsApiUITests" */;
			buildPhases = (
				9F4DD8B02B6523010014E576 /* Sources */,
				9F4DD8B12B6523010014E576 /* Frameworks */,
				9F4DD8B22B6523010014E576 /* Resources */,
			);
			buildRules = (
			);
			dependencies = (
				9F4DD8B62B6523010014E576 /* PBXTargetDependency */,
			);
			name = NewsApiUITests;
			productName = NewsApiUITests;
			productReference = 9F4DD8B42B6523010014E576 /* NewsApiUITests.xctest */;
			productType = "com.apple.product-type.bundle.ui-testing";
		};
/* End PBXNativeTarget section */

/* Begin PBXProject section */
		9F4DD88C2B6523000014E576 /* Project object */ = {
			isa = PBXProject;
			attributes = {
				BuildIndependentTargetsInParallel = 1;
				LastSwiftUpdateCheck = 1430;
				LastUpgradeCheck = 1430;
				TargetAttributes = {
					9F4DD8932B6523000014E576 = {
						CreatedOnToolsVersion = 14.3.1;
					};
					9F4DD8A92B6523010014E576 = {
						CreatedOnToolsVersion = 14.3.1;
						TestTargetID = 9F4DD8932B6523000014E576;
					};
					9F4DD8B32B6523010014E576 = {
						CreatedOnToolsVersion = 14.3.1;
						TestTargetID = 9F4DD8932B6523000014E576;
					};
				};
			};
			buildConfigurationList = 9F4DD88F2B6523000014E576 /* Build configuration list for PBXProject "NewsApi" */;
			compatibilityVersion = "Xcode 14.0";
			developmentRegion = en;
			hasScannedForEncodings = 0;
			knownRegions = (
				en,
				Base,
			);
			mainGroup = 9F4DD88B2B6523000014E576;
			productRefGroup = 9F4DD8952B6523000014E576 /* Products */;
			projectDirPath = "";
			projectRoot = "";
			targets = (
				9F4DD8932B6523000014E576 /* NewsApi */,
				9F4DD8A92B6523010014E576 /* NewsApiTests */,
				9F4DD8B32B6523010014E576 /* NewsApiUITests */,
			);
		};
/* End PBXProject section */

/* Begin PBXResourcesBuildPhase section */
		9F4DD8922B6523000014E576 /* Resources */ = {
			isa = PBXResourcesBuildPhase;
			buildActionMask = 2147483647;
			files = (
				9F4DD8A42B6523000014E576 /* LaunchScreen.storyboard in Resources */,
				9F4DD8A12B6523000014E576 /* Assets.xcassets in Resources */,
				9F4DD89F2B6523000014E576 /* Main.storyboard in Resources */,
			);
			runOnlyForDeploymentPostprocessing = 0;
		};
		9F4DD8A82B6523010014E576 /* Resources */ = {
			isa = PBXResourcesBuildPhase;
			buildActionMask = 2147483647;
			files = (
			);
			runOnlyForDeploymentPostprocessing = 0;
		};
		9F4DD8B22B6523010014E576 /* Resources */ = {
			isa = PBXResourcesBuildPhase;
			buildActionMask = 2147483647;
			files = (
			);
			runOnlyForDeploymentPostprocessing = 0;
		};
/* End PBXResourcesBuildPhase section */

/* Begin PBXSourcesBuildPhase section */
		9F4DD8902B6523000014E576 /* Sources */ = {
			isa = PBXSourcesBuildPhase;
			buildActionMask = 2147483647;
			files = (
				9F5139842B6546CF00C40D77 /* Model.swift in Sources */,
				9F4DD89C2B6523000014E576 /* ViewController.swift in Sources */,
				9F5139862B65503F00C40D77 /* NewsTableViewCell.swift in Sources */,
				9F4DD8982B6523000014E576 /* AppDelegate.swift in Sources */,
				9F4DD8C82B6529B70014E576 /* APIService.swift in Sources */,
				9F4DD89A2B6523000014E576 /* SceneDelegate.swift in Sources */,
			);
			runOnlyForDeploymentPostprocessing = 0;
		};
		9F4DD8A62B6523010014E576 /* Sources */ = {
			isa = PBXSourcesBuildPhase;
			buildActionMask = 2147483647;
			files = (
				9F4DD8AF2B6523010014E576 /* NewsApiTests.swift in Sources */,
			);
			runOnlyForDeploymentPostprocessing = 0;
		};
		9F4DD8B02B6523010014E576 /* Sources */ = {
			isa = PBXSourcesBuildPhase;
			buildActionMask = 2147483647;
			files = (
				9F4DD8BB2B6523010014E576 /* NewsApiUITestsLaunchTests.swift in Sources */,
				9F4DD8B92B6523010014E576 /* NewsApiUITests.swift in Sources */,
			);
			runOnlyForDeploymentPostprocessing = 0;
		};
/* End PBXSourcesBuildPhase section */

/* Begin PBXTargetDependency section */
		9F4DD8AC2B6523010014E576 /* PBXTargetDependency */ = {
			isa = PBXTargetDependency;
			target = 9F4DD8932B6523000014E576 /* NewsApi */;
			targetProxy = 9F4DD8AB2B6523010014E576 /* PBXContainerItemProxy */;
		};
		9F4DD8B62B6523010014E576 /* PBXTargetDependency */ = {
			isa = PBXTargetDependency;
			target = 9F4DD8932B6523000014E576 /* NewsApi */;
			targetProxy = 9F4DD8B52B6523010014E576 /* PBXContainerItemProxy */;
		};
/* End PBXTargetDependency section */

/* Begin PBXVariantGroup section */
		9F4DD89D2B6523000014E576 /* Main.storyboard */ = {
			isa = PBXVariantGroup;
			children = (
				9F4DD89E2B6523000014E576 /* Base */,
			);
			name = Main.storyboard;
			sourceTree = "<group>";
		};
		9F4DD8A22B6523000014E576 /* LaunchScreen.storyboard */ = {
			isa = PBXVariantGroup;
			children = (
				9F4DD8A32B6523000014E576 /* Base */,
			);
			name = LaunchScreen.storyboard;
			sourceTree = "<group>";
		};
/* End PBXVariantGroup section */

/* Begin XCBuildConfiguration section */
		9F4DD8BC2B6523010014E576 /* Debug */ = {
			isa = XCBuildConfiguration;
			buildSettings = {
				ALWAYS_SEARCH_USER_PATHS = NO;
				CLANG_ANALYZER_NONNULL = YES;
				CLANG_ANALYZER_NUMBER_OBJECT_CONVERSION = YES_AGGRESSIVE;
				CLANG_CXX_LANGUAGE_STANDARD = "gnu++20";
				CLANG_ENABLE_MODULES = YES;
				CLANG_ENABLE_OBJC_ARC = YES;
				CLANG_ENABLE_OBJC_WEAK = YES;
				CLANG_WARN_BLOCK_CAPTURE_AUTORELEASING = YES;
				CLANG_WARN_BOOL_CONVERSION = YES;
				CLANG_WARN_COMMA = YES;
				CLANG_WARN_CONSTANT_CONVERSION = YES;
				CLANG_WARN_DEPRECATED_OBJC_IMPLEMENTATIONS = YES;
				CLANG_WARN_DIRECT_OBJC_ISA_USAGE = YES_ERROR;
				CLANG_WARN_DOCUMENTATION_COMMENTS = YES;
				CLANG_WARN_EMPTY_BODY = YES;
				CLANG_WARN_ENUM_CONVERSION = YES;
				CLANG_WARN_INFINITE_RECURSION = YES;
				CLANG_WARN_INT_CONVERSION = YES;
				CLANG_WARN_NON_LITERAL_NULL_CONVERSION = YES;
				CLANG_WARN_OBJC_IMPLICIT_RETAIN_SELF = YES;
				CLANG_WARN_OBJC_LITERAL_CONVERSION = YES;
				CLANG_WARN_OBJC_ROOT_CLASS = YES_ERROR;
				CLANG_WARN_QUOTED_INCLUDE_IN_FRAMEWORK_HEADER = YES;
				CLANG_WARN_RANGE_LOOP_ANALYSIS = YES;
				CLANG_WARN_STRICT_PROTOTYPES = YES;
				CLANG_WARN_SUSPICIOUS_MOVE = YES;
				CLANG_WARN_UNGUARDED_AVAILABILITY = YES_AGGRESSIVE;
				CLANG_WARN_UNREACHABLE_CODE = YES;
				CLANG_WARN__DUPLICATE_METHOD_MATCH = YES;
				COPY_PHASE_STRIP = NO;
				DEBUG_INFORMATION_FORMAT = dwarf;
				ENABLE_STRICT_OBJC_MSGSEND = YES;
				ENABLE_TESTABILITY = YES;
				GCC_C_LANGUAGE_STANDARD = gnu11;
				GCC_DYNAMIC_NO_PIC = NO;
				GCC_NO_COMMON_BLOCKS = YES;
				GCC_OPTIMIZATION_LEVEL = 0;
				GCC_PREPROCESSOR_DEFINITIONS = (
					"DEBUG=1",
					"$(inherited)",
				);
				GCC_WARN_64_TO_32_BIT_CONVERSION = YES;
				GCC_WARN_ABOUT_RETURN_TYPE = YES_ERROR;
				GCC_WARN_UNDECLARED_SELECTOR = YES;
				GCC_WARN_UNINITIALIZED_AUTOS = YES_AGGRESSIVE;
				GCC_WARN_UNUSED_FUNCTION = YES;
				GCC_WARN_UNUSED_VARIABLE = YES;
				IPHONEOS_DEPLOYMENT_TARGET = 16.4;
				MTL_ENABLE_DEBUG_INFO = INCLUDE_SOURCE;
				MTL_FAST_MATH = YES;
				ONLY_ACTIVE_ARCH = YES;
				SDKROOT = iphoneos;
				SWIFT_ACTIVE_COMPILATION_CONDITIONS = DEBUG;
				SWIFT_OPTIMIZATION_LEVEL = "-Onone";
			};
			name = Debug;
		};
		9F4DD8BD2B6523010014E576 /* Release */ = {
			isa = XCBuildConfiguration;
			buildSettings = {
				ALWAYS_SEARCH_USER_PATHS = NO;
				CLANG_ANALYZER_NONNULL = YES;
				CLANG_ANALYZER_NUMBER_OBJECT_CONVERSION = YES_AGGRESSIVE;
				CLANG_CXX_LANGUAGE_STANDARD = "gnu++20";
				CLANG_ENABLE_MODULES = YES;
				CLANG_ENABLE_OBJC_ARC = YES;
				CLANG_ENABLE_OBJC_WEAK = YES;
				CLANG_WARN_BLOCK_CAPTURE_AUTORELEASING = YES;
				CLANG_WARN_BOOL_CONVERSION = YES;
				CLANG_WARN_COMMA = YES;
				CLANG_WARN_CONSTANT_CONVERSION = YES;
				CLANG_WARN_DEPRECATED_OBJC_IMPLEMENTATIONS = YES;
				CLANG_WARN_DIRECT_OBJC_ISA_USAGE = YES_ERROR;
				CLANG_WARN_DOCUMENTATION_COMMENTS = YES;
				CLANG_WARN_EMPTY_BODY = YES;
				CLANG_WARN_ENUM_CONVERSION = YES;
				CLANG_WARN_INFINITE_RECURSION = YES;
				CLANG_WARN_INT_CONVERSION = YES;
				CLANG_WARN_NON_LITERAL_NULL_CONVERSION = YES;
				CLANG_WARN_OBJC_IMPLICIT_RETAIN_SELF = YES;
				CLANG_WARN_OBJC_LITERAL_CONVERSION = YES;
				CLANG_WARN_OBJC_ROOT_CLASS = YES_ERROR;
				CLANG_WARN_QUOTED_INCLUDE_IN_FRAMEWORK_HEADER = YES;
				CLANG_WARN_RANGE_LOOP_ANALYSIS = YES;
				CLANG_WARN_STRICT_PROTOTYPES = YES;
				CLANG_WARN_SUSPICIOUS_MOVE = YES;
				CLANG_WARN_UNGUARDED_AVAILABILITY = YES_AGGRESSIVE;
				CLANG_WARN_UNREACHABLE_CODE = YES;
				CLANG_WARN__DUPLICATE_METHOD_MATCH = YES;
				COPY_PHASE_STRIP = NO;
				DEBUG_INFORMATION_FORMAT = "dwarf-with-dsym";
				ENABLE_NS_ASSERTIONS = NO;
				ENABLE_STRICT_OBJC_MSGSEND = YES;
				GCC_C_LANGUAGE_STANDARD = gnu11;
				GCC_NO_COMMON_BLOCKS = YES;
				GCC_WARN_64_TO_32_BIT_CONVERSION = YES;
				GCC_WARN_ABOUT_RETURN_TYPE = YES_ERROR;
				GCC_WARN_UNDECLARED_SELECTOR = YES;
				GCC_WARN_UNINITIALIZED_AUTOS = YES_AGGRESSIVE;
				GCC_WARN_UNUSED_FUNCTION = YES;
				GCC_WARN_UNUSED_VARIABLE = YES;
				IPHONEOS_DEPLOYMENT_TARGET = 16.4;
				MTL_ENABLE_DEBUG_INFO = NO;
				MTL_FAST_MATH = YES;
				SDKROOT = iphoneos;
				SWIFT_COMPILATION_MODE = wholemodule;
				SWIFT_OPTIMIZATION_LEVEL = "-O";
				VALIDATE_PRODUCT = YES;
			};
			name = Release;
		};
		9F4DD8BF2B6523010014E576 /* Debug */ = {
			isa = XCBuildConfiguration;
			buildSettings = {
				ASSETCATALOG_COMPILER_APPICON_NAME = AppIcon;
				ASSETCATALOG_COMPILER_GLOBAL_ACCENT_COLOR_NAME = AccentColor;
				CODE_SIGN_STYLE = Automatic;
				CURRENT_PROJECT_VERSION = 1;
				DEVELOPMENT_TEAM = NMQPZAU46W;
				GENERATE_INFOPLIST_FILE = YES;
				INFOPLIST_FILE = NewsApi/Info.plist;
				INFOPLIST_KEY_UIApplicationSupportsIndirectInputEvents = YES;
				INFOPLIST_KEY_UILaunchStoryboardName = LaunchScreen;
				INFOPLIST_KEY_UIMainStoryboardFile = Main;
				INFOPLIST_KEY_UISupportedInterfaceOrientations_iPad = "UIInterfaceOrientationPortrait UIInterfaceOrientationPortraitUpsideDown UIInterfaceOrientationLandscapeLeft UIInterfaceOrientationLandscapeRight";
				INFOPLIST_KEY_UISupportedInterfaceOrientations_iPhone = "UIInterfaceOrientationPortrait UIInterfaceOrientationLandscapeLeft UIInterfaceOrientationLandscapeRight";
				LD_RUNPATH_SEARCH_PATHS = (
					"$(inherited)",
					"@executable_path/Frameworks",
				);
				MARKETING_VERSION = 1.0;
				PRODUCT_BUNDLE_IDENTIFIER = terso.NewsApi;
				PRODUCT_NAME = "$(TARGET_NAME)";
				SWIFT_EMIT_LOC_STRINGS = YES;
				SWIFT_VERSION = 5.0;
				TARGETED_DEVICE_FAMILY = "1,2";
			};
			name = Debug;
		};
		9F4DD8C02B6523010014E576 /* Release */ = {
			isa = XCBuildConfiguration;
			buildSettings = {
				ASSETCATALOG_COMPILER_APPICON_NAME = AppIcon;
				ASSETCATALOG_COMPILER_GLOBAL_ACCENT_COLOR_NAME = AccentColor;
				CODE_SIGN_STYLE = Automatic;
				CURRENT_PROJECT_VERSION = 1;
				DEVELOPMENT_TEAM = NMQPZAU46W;
				GENERATE_INFOPLIST_FILE = YES;
				INFOPLIST_FILE = NewsApi/Info.plist;
				INFOPLIST_KEY_UIApplicationSupportsIndirectInputEvents = YES;
				INFOPLIST_KEY_UILaunchStoryboardName = LaunchScreen;
				INFOPLIST_KEY_UIMainStoryboardFile = Main;
				INFOPLIST_KEY_UISupportedInterfaceOrientations_iPad = "UIInterfaceOrientationPortrait UIInterfaceOrientationPortraitUpsideDown UIInterfaceOrientationLandscapeLeft UIInterfaceOrientationLandscapeRight";
				INFOPLIST_KEY_UISupportedInterfaceOrientations_iPhone = "UIInterfaceOrientationPortrait UIInterfaceOrientationLandscapeLeft UIInterfaceOrientationLandscapeRight";
				LD_RUNPATH_SEARCH_PATHS = (
					"$(inherited)",
					"@executable_path/Frameworks",
				);
				MARKETING_VERSION = 1.0;
				PRODUCT_BUNDLE_IDENTIFIER = terso.NewsApi;
				PRODUCT_NAME = "$(TARGET_NAME)";
				SWIFT_EMIT_LOC_STRINGS = YES;
				SWIFT_VERSION = 5.0;
				TARGETED_DEVICE_FAMILY = "1,2";
			};
			name = Release;
		};
		9F4DD8C22B6523010014E576 /* Debug */ = {
			isa = XCBuildConfiguration;
			buildSettings = {
				ALWAYS_EMBED_SWIFT_STANDARD_LIBRARIES = YES;
				BUNDLE_LOADER = "$(TEST_HOST)";
				CODE_SIGN_STYLE = Automatic;
				CURRENT_PROJECT_VERSION = 1;
				DEVELOPMENT_TEAM = NMQPZAU46W;
				GENERATE_INFOPLIST_FILE = YES;
				IPHONEOS_DEPLOYMENT_TARGET = 16.4;
				MARKETING_VERSION = 1.0;
				PRODUCT_BUNDLE_IDENTIFIER = terso.NewsApiTests;
				PRODUCT_NAME = "$(TARGET_NAME)";
				SWIFT_EMIT_LOC_STRINGS = NO;
				SWIFT_VERSION = 5.0;
				TARGETED_DEVICE_FAMILY = "1,2";
				TEST_HOST = "$(BUILT_PRODUCTS_DIR)/NewsApi.app/$(BUNDLE_EXECUTABLE_FOLDER_PATH)/NewsApi";
			};
			name = Debug;
		};
		9F4DD8C32B6523010014E576 /* Release */ = {
			isa = XCBuildConfiguration;
			buildSettings = {
				ALWAYS_EMBED_SWIFT_STANDARD_LIBRARIES = YES;
				BUNDLE_LOADER = "$(TEST_HOST)";
				CODE_SIGN_STYLE = Automatic;
				CURRENT_PROJECT_VERSION = 1;
				DEVELOPMENT_TEAM = NMQPZAU46W;
				GENERATE_INFOPLIST_FILE = YES;
				IPHONEOS_DEPLOYMENT_TARGET = 16.4;
				MARKETING_VERSION = 1.0;
				PRODUCT_BUNDLE_IDENTIFIER = terso.NewsApiTests;
				PRODUCT_NAME = "$(TARGET_NAME)";
				SWIFT_EMIT_LOC_STRINGS = NO;
				SWIFT_VERSION = 5.0;
				TARGETED_DEVICE_FAMILY = "1,2";
				TEST_HOST = "$(BUILT_PRODUCTS_DIR)/NewsApi.app/$(BUNDLE_EXECUTABLE_FOLDER_PATH)/NewsApi";
			};
			name = Release;
		};
		9F4DD8C52B6523010014E576 /* Debug */ = {
			isa = XCBuildConfiguration;
			buildSettings = {
				ALWAYS_EMBED_SWIFT_STANDARD_LIBRARIES = YES;
				CODE_SIGN_STYLE = Automatic;
				CURRENT_PROJECT_VERSION = 1;
				DEVELOPMENT_TEAM = NMQPZAU46W;
				GENERATE_INFOPLIST_FILE = YES;
				MARKETING_VERSION = 1.0;
				PRODUCT_BUNDLE_IDENTIFIER = terso.NewsApiUITests;
				PRODUCT_NAME = "$(TARGET_NAME)";
				SWIFT_EMIT_LOC_STRINGS = NO;
				SWIFT_VERSION = 5.0;
				TARGETED_DEVICE_FAMILY = "1,2";
				TEST_TARGET_NAME = NewsApi;
			};
			name = Debug;
		};
		9F4DD8C62B6523010014E576 /* Release */ = {
			isa = XCBuildConfiguration;
			buildSettings = {
				ALWAYS_EMBED_SWIFT_STANDARD_LIBRARIES = YES;
				CODE_SIGN_STYLE = Automatic;
				CURRENT_PROJECT_VERSION = 1;
				DEVELOPMENT_TEAM = NMQPZAU46W;
				GENERATE_INFOPLIST_FILE = YES;
				MARKETING_VERSION = 1.0;
				PRODUCT_BUNDLE_IDENTIFIER = terso.NewsApiUITests;
				PRODUCT_NAME = "$(TARGET_NAME)";
				SWIFT_EMIT_LOC_STRINGS = NO;
				SWIFT_VERSION = 5.0;
				TARGETED_DEVICE_FAMILY = "1,2";
				TEST_TARGET_NAME = NewsApi;
			};
			name = Release;
		};
/* End XCBuildConfiguration section */

/* Begin XCConfigurationList section */
		9F4DD88F2B6523000014E576 /* Build configuration list for PBXProject "NewsApi" */ = {
			isa = XCConfigurationList;
			buildConfigurations = (
				9F4DD8BC2B6523010014E576 /* Debug */,
				9F4DD8BD2B6523010014E576 /* Release */,
			);
			defaultConfigurationIsVisible = 0;
			defaultConfigurationName = Release;
		};
		9F4DD8BE2B6523010014E576 /* Build configuration list for PBXNativeTarget "NewsApi" */ = {
			isa = XCConfigurationList;
			buildConfigurations = (
				9F4DD8BF2B6523010014E576 /* Debug */,
				9F4DD8C02B6523010014E576 /* Release */,
			);
			defaultConfigurationIsVisible = 0;
			defaultConfigurationName = Release;
		};
		9F4DD8C12B6523010014E576 /* Build configuration list for PBXNativeTarget "NewsApiTests" */ = {
			isa = XCConfigurationList;
			buildConfigurations = (
				9F4DD8C22B6523010014E576 /* Debug */,
				9F4DD8C32B6523010014E576 /* Release */,
			);
			defaultConfigurationIsVisible = 0;
			defaultConfigurationName = Release;
		};
		9F4DD8C42B6523010014E576 /* Build configuration list for PBXNativeTarget "NewsApiUITests" */ = {
			isa = XCConfigurationList;
			buildConfigurations = (
				9F4DD8C52B6523010014E576 /* Debug */,
				9F4DD8C62B6523010014E576 /* Release */,
			);
			defaultConfigurationIsVisible = 0;
			defaultConfigurationName = Release;
		};
/* End XCConfigurationList section */
	};
	rootObject = 9F4DD88C2B6523000014E576 /* Project object */;
}
